
Microsoft Visual Studio Solution File, Format Version 12.00
# Visual Studio 15
VisualStudioVersion = 15.0.28307.572
MinimumVisualStudioVersion = 10.0.40219.1
Project("{DA7A21FA-8162-4350-AD77-A8D1B671F3ED}") = "SnowFor", "SnowFor.rxproj", "{8D1189FA-AB18-4CA0-AD2C-0F9677E0ACBC}"
EndProject
Global
	GlobalSection(SolutionConfigurationPlatforms) = preSolution
		Debug|Any CPU = Debug|Any CPU
		Release|Any CPU = Release|Any CPU
	EndGlobalSection
	GlobalSection(ProjectConfigurationPlatforms) = postSolution
		{8D1189FA-AB18-4CA0-AD2C-0F9677E0ACBC}.Debug|Any CPU.ActiveCfg = Debug|Any CPU
		{8D1189FA-AB18-4CA0-AD2C-0F9677E0ACBC}.Debug|Any CPU.Build.0 = Debug|Any CPU
		{8D1189FA-AB18-4CA0-AD2C-0F9677E0ACBC}.Release|Any CPU.ActiveCfg = Release|Any CPU
		{8D1189FA-AB18-4CA0-AD2C-0F9677E0ACBC}.Release|Any CPU.Build.0 = Release|Any CPU
	EndGlobalSection
	GlobalSection(SolutionProperties) = preSolution
		HideSolutionNode = FALSE
	EndGlobalSection
	GlobalSection(ExtensibilityGlobals) = postSolution
		SolutionGuid = {100230D7-2A7B-4977-82E7-35864845F8D8}
	EndGlobalSection
EndGlobal
